
Microsoft Visual Studio Solution File, Format Version 12.00
# Visual Studio 2013
VisualStudioVersion = 12.0.30501.0
MinimumVisualStudioVersion = 10.0.40219.1
Project("{FAE04EC0-301F-11D3-BF4B-00C04F79EFBC}") = "MyNes", "MyNes\MyNes.csproj", "{5883614C-A4E9-41E5-B446-1FE179A54811}"
EndProject
Project("{FAE04EC0-301F-11D3-BF4B-00C04F79EFBC}") = "Core", "Core\Core.csproj", "{25F4068D-5D3E-45DA-85D6-8B113D51BA0E}"
EndProject
Project("{FAE04EC0-301F-11D3-BF4B-00C04F79EFBC}") = "MLV", "MLV\MLV.csproj", "{CB876583-D5F9-4398-B399-FBE6D4AA8A51}"
EndProject
Project("{FAE04EC0-301F-11D3-BF4B-00C04F79EFBC}") = "MMB", "MMB\MMB.csproj", "{A43061A2-F337-413A-A008-9DF2973351C4}"
EndProject
Project("{2150E333-8FDC-42A3-9474-1A3956D46DE8}") = "Solution Items", "Solution Items", "{0F2D5217-DE76-4269-821B-93E89E0E2F94}"
	ProjectSection(SolutionItems) = preProject
		ChangeLog.txt = ChangeLog.txt
		TODO.txt = TODO.txt
	EndProjectSection
EndProject
Global
	GlobalSection(SolutionConfigurationPlatforms) = preSolution
		Debug|Any CPU = Debug|Any CPU
		Debug|Mixed Platforms = Debug|Mixed Platforms
		Debug|x64 = Debug|x64
		Debug|x86 = Debug|x86
		Release|Any CPU = Release|Any CPU
		Release|Mixed Platforms = Release|Mixed Platforms
		Release|x64 = Release|x64
		Release|x86 = Release|x86
		X64|Any CPU = X64|Any CPU
		X64|Mixed Platforms = X64|Mixed Platforms
		X64|x64 = X64|x64
		X64|x86 = X64|x86
		X86|Any CPU = X86|Any CPU
		X86|Mixed Platforms = X86|Mixed Platforms
		X86|x64 = X86|x64
		X86|x86 = X86|x86
	EndGlobalSection
	GlobalSection(ProjectConfigurationPlatforms) = postSolution
		{5883614C-A4E9-41E5-B446-1FE179A54811}.Debug|Any CPU.ActiveCfg = Debug|Any CPU
		{5883614C-A4E9-41E5-B446-1FE179A54811}.Debug|Any CPU.Build.0 = Debug|Any CPU
		{5883614C-A4E9-41E5-B446-1FE179A54811}.Debug|Mixed Platforms.ActiveCfg = Debug|x86
		{5883614C-A4E9-41E5-B446-1FE179A54811}.Debug|Mixed Platforms.Build.0 = Debug|x86
		{5883614C-A4E9-41E5-B446-1FE179A54811}.Debug|x64.ActiveCfg = Debug|x64
		{5883614C-A4E9-41E5-B446-1FE179A54811}.Debug|x64.Build.0 = Debug|x64
		{5883614C-A4E9-41E5-B446-1FE179A54811}.Debug|x86.ActiveCfg = Debug|x86
		{5883614C-A4E9-41E5-B446-1FE179A54811}.Debug|x86.Build.0 = Debug|x86
		{5883614C-A4E9-41E5-B446-1FE179A54811}.Release|Any CPU.ActiveCfg = Release|Any CPU
		{5883614C-A4E9-41E5-B446-1FE179A54811}.Release|Any CPU.Build.0 = Release|Any CPU
		{5883614C-A4E9-41E5-B446-1FE179A54811}.Release|Mixed Platforms.ActiveCfg = Release|x86
		{5883614C-A4E9-41E5-B446-1FE179A54811}.Release|Mixed Platforms.Build.0 = Release|x86
		{5883614C-A4E9-41E5-B446-1FE179A54811}.Release|x64.ActiveCfg = Release|x64
		{5883614C-A4E9-41E5-B446-1FE179A54811}.Release|x64.Build.0 = Release|x64
		{5883614C-A4E9-41E5-B446-1FE179A54811}.Release|x86.ActiveCfg = Release|x86
		{5883614C-A4E9-41E5-B446-1FE179A54811}.Release|x86.Build.0 = Release|x86
		{5883614C-A4E9-41E5-B446-1FE179A54811}.X64|Any CPU.ActiveCfg = X64|Any CPU
		{5883614C-A4E9-41E5-B446-1FE179A54811}.X64|Any CPU.Build.0 = X64|Any CPU
		{5883614C-A4E9-41E5-B446-1FE179A54811}.X64|Mixed Platforms.ActiveCfg = X64|x86
		{5883614C-A4E9-41E5-B446-1FE179A54811}.X64|Mixed Platforms.Build.0 = X64|x86
		{5883614C-A4E9-41E5-B446-1FE179A54811}.X64|x64.ActiveCfg = X64|x64
		{5883614C-A4E9-41E5-B446-1FE179A54811}.X64|x64.Build.0 = X64|x64
		{5883614C-A4E9-41E5-B446-1FE179A54811}.X64|x86.ActiveCfg = X64|x86
		{5883614C-A4E9-41E5-B446-1FE179A54811}.X64|x86.Build.0 = X64|x86
		{5883614C-A4E9-41E5-B446-1FE179A54811}.X86|Any CPU.ActiveCfg = X86|Any CPU
		{5883614C-A4E9-41E5-B446-1FE179A54811}.X86|Any CPU.Build.0 = X86|Any CPU
		{5883614C-A4E9-41E5-B446-1FE179A54811}.X86|Mixed Platforms.ActiveCfg = X86|x86
		{5883614C-A4E9-41E5-B446-1FE179A54811}.X86|Mixed Platforms.Build.0 = X86|x86
		{5883614C-A4E9-41E5-B446-1FE179A54811}.X86|x64.ActiveCfg = X86|Any CPU
		{5883614C-A4E9-41E5-B446-1FE179A54811}.X86|x64.Build.0 = X86|x64
		{5883614C-A4E9-41E5-B446-1FE179A54811}.X86|x86.ActiveCfg = X86|x86
		{5883614C-A4E9-41E5-B446-1FE179A54811}.X86|x86.Build.0 = X86|x86
		{25F4068D-5D3E-45DA-85D6-8B113D51BA0E}.Debug|Any CPU.ActiveCfg = Debug|Any CPU
		{25F4068D-5D3E-45DA-85D6-8B113D51BA0E}.Debug|Any CPU.Build.0 = Debug|Any CPU
		{25F4068D-5D3E-45DA-85D6-8B113D51BA0E}.Debug|Mixed Platforms.ActiveCfg = Debug|x86
		{25F4068D-5D3E-45DA-85D6-8B113D51BA0E}.Debug|Mixed Platforms.Build.0 = Debug|x86
		{25F4068D-5D3E-45DA-85D6-8B113D51BA0E}.Debug|x64.ActiveCfg = Debug|x64
		{25F4068D-5D3E-45DA-85D6-8B113D51BA0E}.Debug|x64.Build.0 = Debug|x64
		{25F4068D-5D3E-45DA-85D6-8B113D51BA0E}.Debug|x86.ActiveCfg = Debug|x86
		{25F4068D-5D3E-45DA-85D6-8B113D51BA0E}.Debug|x86.Build.0 = Debug|x86
		{25F4068D-5D3E-45DA-85D6-8B113D51BA0E}.Release|Any CPU.ActiveCfg = Release|Any CPU
		{25F4068D-5D3E-45DA-85D6-8B113D51BA0E}.Release|Any CPU.Build.0 = Release|Any CPU
		{25F4068D-5D3E-45DA-85D6-8B113D51BA0E}.Release|Mixed Platforms.ActiveCfg = Release|x86
		{25F4068D-5D3E-45DA-85D6-8B113D51BA0E}.Release|Mixed Platforms.Build.0 = Release|x86
		{25F4068D-5D3E-45DA-85D6-8B113D51BA0E}.Release|x64.ActiveCfg = Release|x64
		{25F4068D-5D3E-45DA-85D6-8B113D51BA0E}.Release|x64.Build.0 = Release|x64
		{25F4068D-5D3E-45DA-85D6-8B113D51BA0E}.Release|x86.ActiveCfg = Release|x86
		{25F4068D-5D3E-45DA-85D6-8B113D51BA0E}.Release|x86.Build.0 = Release|x86
		{25F4068D-5D3E-45DA-85D6-8B113D51BA0E}.X64|Any CPU.ActiveCfg = X64|Any CPU
		{25F4068D-5D3E-45DA-85D6-8B113D51BA0E}.X64|Any CPU.Build.0 = X64|Any CPU
		{25F4068D-5D3E-45DA-85D6-8B113D51BA0E}.X64|Mixed Platforms.ActiveCfg = X64|x86
		{25F4068D-5D3E-45DA-85D6-8B113D51BA0E}.X64|Mixed Platforms.Build.0 = X64|x86
		{25F4068D-5D3E-45DA-85D6-8B113D51BA0E}.X64|x64.ActiveCfg = X64|x64
		{25F4068D-5D3E-45DA-85D6-8B113D51BA0E}.X64|x64.Build.0 = X64|x64
		{25F4068D-5D3E-45DA-85D6-8B113D51BA0E}.X64|x86.ActiveCfg = X64|x86
		{25F4068D-5D3E-45DA-85D6-8B113D51BA0E}.X64|x86.Build.0 = X64|x86
		{25F4068D-5D3E-45DA-85D6-8B113D51BA0E}.X86|Any CPU.ActiveCfg = X86|Any CPU
		{25F4068D-5D3E-45DA-85D6-8B113D51BA0E}.X86|Any CPU.Build.0 = X86|Any CPU
		{25F4068D-5D3E-45DA-85D6-8B113D51BA0E}.X86|Mixed Platforms.ActiveCfg = X86|x86
		{25F4068D-5D3E-45DA-85D6-8B113D51BA0E}.X86|Mixed Platforms.Build.0 = X86|x86
		{25F4068D-5D3E-45DA-85D6-8B113D51BA0E}.X86|x64.ActiveCfg = X86|Any CPU
		{25F4068D-5D3E-45DA-85D6-8B113D51BA0E}.X86|x64.Build.0 = X86|x64
		{25F4068D-5D3E-45DA-85D6-8B113D51BA0E}.X86|x86.ActiveCfg = X86|x86
		{25F4068D-5D3E-45DA-85D6-8B113D51BA0E}.X86|x86.Build.0 = X86|x86
		{CB876583-D5F9-4398-B399-FBE6D4AA8A51}.Debug|Any CPU.ActiveCfg = Debug|Any CPU
		{CB876583-D5F9-4398-B399-FBE6D4AA8A51}.Debug|Any CPU.Build.0 = Debug|Any CPU
		{CB876583-D5F9-4398-B399-FBE6D4AA8A51}.Debug|Mixed Platforms.ActiveCfg = Debug|x86
		{CB876583-D5F9-4398-B399-FBE6D4AA8A51}.Debug|Mixed Platforms.Build.0 = Debug|x86
		{CB876583-D5F9-4398-B399-FBE6D4AA8A51}.Debug|x64.ActiveCfg = Debug|x64
		{CB876583-D5F9-4398-B399-FBE6D4AA8A51}.Debug|x64.Build.0 = Debug|x64
		{CB876583-D5F9-4398-B399-FBE6D4AA8A51}.Debug|x86.ActiveCfg = Debug|x86
		{CB876583-D5F9-4398-B399-FBE6D4AA8A51}.Debug|x86.Build.0 = Debug|x86
		{CB876583-D5F9-4398-B399-FBE6D4AA8A51}.Release|Any CPU.ActiveCfg = Release|Any CPU
		{CB876583-D5F9-4398-B399-FBE6D4AA8A51}.Release|Any CPU.Build.0 = Release|Any CPU
		{CB876583-D5F9-4398-B399-FBE6D4AA8A51}.Release|Mixed Platforms.ActiveCfg = Release|x86
		{CB876583-D5F9-4398-B399-FBE6D4AA8A51}.Release|Mixed Platforms.Build.0 = Release|x86
		{CB876583-D5F9-4398-B399-FBE6D4AA8A51}.Release|x64.ActiveCfg = Release|x64
		{CB876583-D5F9-4398-B399-FBE6D4AA8A51}.Release|x64.Build.0 = Release|x64
		{CB876583-D5F9-4398-B399-FBE6D4AA8A51}.Release|x86.ActiveCfg = Release|x86
		{CB876583-D5F9-4398-B399-FBE6D4AA8A51}.Release|x86.Build.0 = Release|x86
		{CB876583-D5F9-4398-B399-FBE6D4AA8A51}.X64|Any CPU.ActiveCfg = x64|Any CPU
		{CB876583-D5F9-4398-B399-FBE6D4AA8A51}.X64|Any CPU.Build.0 = x64|Any CPU
		{CB876583-D5F9-4398-B399-FBE6D4AA8A51}.X64|Mixed Platforms.ActiveCfg = x64|x86
		{CB876583-D5F9-4398-B399-FBE6D4AA8A51}.X64|Mixed Platforms.Build.0 = x64|x86
		{CB876583-D5F9-4398-B399-FBE6D4AA8A51}.X64|x64.ActiveCfg = x64|x64
		{CB876583-D5F9-4398-B399-FBE6D4AA8A51}.X64|x64.Build.0 = x64|x64
		{CB876583-D5F9-4398-B399-FBE6D4AA8A51}.X64|x86.ActiveCfg = x64|x86
		{CB876583-D5F9-4398-B399-FBE6D4AA8A51}.X64|x86.Build.0 = x64|x86
		{CB876583-D5F9-4398-B399-FBE6D4AA8A51}.X86|Any CPU.ActiveCfg = x86|Any CPU
		{CB876583-D5F9-4398-B399-FBE6D4AA8A51}.X86|Any CPU.Build.0 = x86|Any CPU
		{CB876583-D5F9-4398-B399-FBE6D4AA8A51}.X86|Mixed Platforms.ActiveCfg = x86|x86
		{CB876583-D5F9-4398-B399-FBE6D4AA8A51}.X86|Mixed Platforms.Build.0 = x86|x86
		{CB876583-D5F9-4398-B399-FBE6D4AA8A51}.X86|x64.ActiveCfg = x86|Any CPU
		{CB876583-D5F9-4398-B399-FBE6D4AA8A51}.X86|x64.Build.0 = x86|x64
		{CB876583-D5F9-4398-B399-FBE6D4AA8A51}.X86|x86.ActiveCfg = x86|x86
		{CB876583-D5F9-4398-B399-FBE6D4AA8A51}.X86|x86.Build.0 = x86|x86
		{A43061A2-F337-413A-A008-9DF2973351C4}.Debug|Any CPU.ActiveCfg = Debug|Any CPU
		{A43061A2-F337-413A-A008-9DF2973351C4}.Debug|Any CPU.Build.0 = Debug|Any CPU
		{A43061A2-F337-413A-A008-9DF2973351C4}.Debug|Mixed Platforms.ActiveCfg = Debug|x86
		{A43061A2-F337-413A-A008-9DF2973351C4}.Debug|Mixed Platforms.Build.0 = Debug|x86
		{A43061A2-F337-413A-A008-9DF2973351C4}.Debug|x64.ActiveCfg = Debug|x64
		{A43061A2-F337-413A-A008-9DF2973351C4}.Debug|x64.Build.0 = Debug|x64
		{A43061A2-F337-413A-A008-9DF2973351C4}.Debug|x86.ActiveCfg = Debug|x86
		{A43061A2-F337-413A-A008-9DF2973351C4}.Debug|x86.Build.0 = Debug|x86
		{A43061A2-F337-413A-A008-9DF2973351C4}.Release|Any CPU.ActiveCfg = Release|Any CPU
		{A43061A2-F337-413A-A008-9DF2973351C4}.Release|Any CPU.Build.0 = Release|Any CPU
		{A43061A2-F337-413A-A008-9DF2973351C4}.Release|Mixed Platforms.ActiveCfg = Release|x86
		{A43061A2-F337-413A-A008-9DF2973351C4}.Release|Mixed Platforms.Build.0 = Release|x86
		{A43061A2-F337-413A-A008-9DF2973351C4}.Release|x64.ActiveCfg = Release|x64
		{A43061A2-F337-413A-A008-9DF2973351C4}.Release|x64.Build.0 = Release|x64
		{A43061A2-F337-413A-A008-9DF2973351C4}.Release|x86.ActiveCfg = Release|x86
		{A43061A2-F337-413A-A008-9DF2973351C4}.Release|x86.Build.0 = Release|x86
		{A43061A2-F337-413A-A008-9DF2973351C4}.X64|Any CPU.ActiveCfg = X64|Any CPU
		{A43061A2-F337-413A-A008-9DF2973351C4}.X64|Any CPU.Build.0 = X64|Any CPU
		{A43061A2-F337-413A-A008-9DF2973351C4}.X64|Mixed Platforms.ActiveCfg = X64|x86
		{A43061A2-F337-413A-A008-9DF2973351C4}.X64|Mixed Platforms.Build.0 = X64|x86
		{A43061A2-F337-413A-A008-9DF2973351C4}.X64|x64.ActiveCfg = X64|x64
		{A43061A2-F337-413A-A008-9DF2973351C4}.X64|x64.Build.0 = X64|x64
		{A43061A2-F337-413A-A008-9DF2973351C4}.X64|x86.ActiveCfg = X64|x86
		{A43061A2-F337-413A-A008-9DF2973351C4}.X64|x86.Build.0 = X64|x86
		{A43061A2-F337-413A-A008-9DF2973351C4}.X86|Any CPU.ActiveCfg = X86|Any CPU
		{A43061A2-F337-413A-A008-9DF2973351C4}.X86|Any CPU.Build.0 = X86|Any CPU
		{A43061A2-F337-413A-A008-9DF2973351C4}.X86|Mixed Platforms.ActiveCfg = X86|x86
		{A43061A2-F337-413A-A008-9DF2973351C4}.X86|Mixed Platforms.Build.0 = X86|x86
		{A43061A2-F337-413A-A008-9DF2973351C4}.X86|x64.ActiveCfg = X86|Any CPU
		{A43061A2-F337-413A-A008-9DF2973351C4}.X86|x64.Build.0 = X86|x64
		{A43061A2-F337-413A-A008-9DF2973351C4}.X86|x86.ActiveCfg = X86|x86
		{A43061A2-F337-413A-A008-9DF2973351C4}.X86|x86.Build.0 = X86|x86
	EndGlobalSection
	GlobalSection(SolutionProperties) = preSolution
		HideSolutionNode = FALSE
	EndGlobalSection
EndGlobal
