
Microsoft Visual Studio Solution File, Format Version 12.00
# Visual Studio 2012
Project("{FAE04EC0-301F-11D3-BF4B-00C04F79EFBC}") = "MyNesGTK", "MyNesGTK\MyNesGTK.csproj", "{B6EE65E5-0F6F-488E-A13A-3EAAA9214F30}"
EndProject
Project("{FAE04EC0-301F-11D3-BF4B-00C04F79EFBC}") = "MyNesSDL", "MyNesSDL\MyNesSDL.csproj", "{AAB30123-57E4-408F-A82C-69000ACF3A74}"
EndProject
Project("{FAE04EC0-301F-11D3-BF4B-00C04F79EFBC}") = "SdlDotNet", "SDLDotNet\SdlDotNet.csproj", "{7B28E1B7-FADB-4D0A-BA54-77E2BE941418}"
EndProject
Project("{9344BDBB-3E7F-41FC-A0DD-8665D75EE146}") = "Packages", "Packages.mdproj", "{5F4AFE47-A3A3-4E46-8686-D0C7290CA60C}"
EndProject
Global
	GlobalSection(SolutionConfigurationPlatforms) = preSolution
		Debug|Any CPU = Debug|Any CPU
		Debug|x64 = Debug|x64
		Debug|x86 = Debug|x86
		Release|Any CPU = Release|Any CPU
		Release|x64 = Release|x64
		Release|x86 = Release|x86
		X64|Any CPU = X64|Any CPU
		X64|x64 = X64|x64
		X64|x86 = X64|x86
		x86|Any CPU = x86|Any CPU
		x86|x64 = x86|x64
		x86|x86 = x86|x86
	EndGlobalSection
	GlobalSection(ProjectConfigurationPlatforms) = postSolution
		{5F4AFE47-A3A3-4E46-8686-D0C7290CA60C}.Debug|Any CPU.ActiveCfg = Debug|Any CPU
		{5F4AFE47-A3A3-4E46-8686-D0C7290CA60C}.Debug|x64.ActiveCfg = Debug|Any CPU
		{5F4AFE47-A3A3-4E46-8686-D0C7290CA60C}.Debug|x86.ActiveCfg = Debug|Any CPU
		{5F4AFE47-A3A3-4E46-8686-D0C7290CA60C}.Release|Any CPU.ActiveCfg = Release|Any CPU
		{5F4AFE47-A3A3-4E46-8686-D0C7290CA60C}.Release|x64.ActiveCfg = Release|Any CPU
		{5F4AFE47-A3A3-4E46-8686-D0C7290CA60C}.Release|x86.ActiveCfg = Release|Any CPU
		{5F4AFE47-A3A3-4E46-8686-D0C7290CA60C}.X64|Any CPU.ActiveCfg = X64|Any CPU
		{5F4AFE47-A3A3-4E46-8686-D0C7290CA60C}.X64|x64.ActiveCfg = X64|Any CPU
		{5F4AFE47-A3A3-4E46-8686-D0C7290CA60C}.X64|x86.ActiveCfg = X64|Any CPU
		{5F4AFE47-A3A3-4E46-8686-D0C7290CA60C}.x86|Any CPU.ActiveCfg = x86|Any CPU
		{5F4AFE47-A3A3-4E46-8686-D0C7290CA60C}.x86|x64.ActiveCfg = x86|Any CPU
		{5F4AFE47-A3A3-4E46-8686-D0C7290CA60C}.x86|x86.ActiveCfg = x86|Any CPU
		{7B28E1B7-FADB-4D0A-BA54-77E2BE941418}.Debug|Any CPU.ActiveCfg = Debug|Any CPU
		{7B28E1B7-FADB-4D0A-BA54-77E2BE941418}.Debug|Any CPU.Build.0 = Debug|Any CPU
		{7B28E1B7-FADB-4D0A-BA54-77E2BE941418}.Debug|x64.ActiveCfg = Debug|x64
		{7B28E1B7-FADB-4D0A-BA54-77E2BE941418}.Debug|x64.Build.0 = Debug|x64
		{7B28E1B7-FADB-4D0A-BA54-77E2BE941418}.Debug|x86.ActiveCfg = Debug|x86
		{7B28E1B7-FADB-4D0A-BA54-77E2BE941418}.Debug|x86.Build.0 = Debug|x86
		{7B28E1B7-FADB-4D0A-BA54-77E2BE941418}.Release|Any CPU.ActiveCfg = Release|Any CPU
		{7B28E1B7-FADB-4D0A-BA54-77E2BE941418}.Release|Any CPU.Build.0 = Release|Any CPU
		{7B28E1B7-FADB-4D0A-BA54-77E2BE941418}.Release|x64.ActiveCfg = Release|x64
		{7B28E1B7-FADB-4D0A-BA54-77E2BE941418}.Release|x64.Build.0 = Release|x64
		{7B28E1B7-FADB-4D0A-BA54-77E2BE941418}.Release|x86.ActiveCfg = Release|x86
		{7B28E1B7-FADB-4D0A-BA54-77E2BE941418}.Release|x86.Build.0 = Release|x86
		{7B28E1B7-FADB-4D0A-BA54-77E2BE941418}.X64|Any CPU.ActiveCfg = x64|Any CPU
		{7B28E1B7-FADB-4D0A-BA54-77E2BE941418}.X64|Any CPU.Build.0 = x64|Any CPU
		{7B28E1B7-FADB-4D0A-BA54-77E2BE941418}.X64|x64.ActiveCfg = x64|x64
		{7B28E1B7-FADB-4D0A-BA54-77E2BE941418}.X64|x64.Build.0 = x64|x64
		{7B28E1B7-FADB-4D0A-BA54-77E2BE941418}.X64|x86.ActiveCfg = x64|x86
		{7B28E1B7-FADB-4D0A-BA54-77E2BE941418}.X64|x86.Build.0 = x64|x86
		{7B28E1B7-FADB-4D0A-BA54-77E2BE941418}.x86|Any CPU.ActiveCfg = x86|Any CPU
		{7B28E1B7-FADB-4D0A-BA54-77E2BE941418}.x86|Any CPU.Build.0 = x86|Any CPU
		{7B28E1B7-FADB-4D0A-BA54-77E2BE941418}.x86|x64.ActiveCfg = x86|x64
		{7B28E1B7-FADB-4D0A-BA54-77E2BE941418}.x86|x64.Build.0 = x86|x64
		{7B28E1B7-FADB-4D0A-BA54-77E2BE941418}.x86|x86.ActiveCfg = x86|x86
		{7B28E1B7-FADB-4D0A-BA54-77E2BE941418}.x86|x86.Build.0 = x86|x86
		{AAB30123-57E4-408F-A82C-69000ACF3A74}.Debug|Any CPU.ActiveCfg = Debug|x86
		{AAB30123-57E4-408F-A82C-69000ACF3A74}.Debug|x64.ActiveCfg = Debug|x64
		{AAB30123-57E4-408F-A82C-69000ACF3A74}.Debug|x64.Build.0 = Debug|x64
		{AAB30123-57E4-408F-A82C-69000ACF3A74}.Debug|x86.ActiveCfg = Debug|x86
		{AAB30123-57E4-408F-A82C-69000ACF3A74}.Debug|x86.Build.0 = Debug|x86
		{AAB30123-57E4-408F-A82C-69000ACF3A74}.Release|Any CPU.ActiveCfg = Release|x86
		{AAB30123-57E4-408F-A82C-69000ACF3A74}.Release|x64.ActiveCfg = Release|x64
		{AAB30123-57E4-408F-A82C-69000ACF3A74}.Release|x64.Build.0 = Release|x64
		{AAB30123-57E4-408F-A82C-69000ACF3A74}.Release|x86.ActiveCfg = Release|x86
		{AAB30123-57E4-408F-A82C-69000ACF3A74}.Release|x86.Build.0 = Release|x86
		{AAB30123-57E4-408F-A82C-69000ACF3A74}.X64|Any CPU.ActiveCfg = X64|x86
		{AAB30123-57E4-408F-A82C-69000ACF3A74}.X64|x64.ActiveCfg = X64|x64
		{AAB30123-57E4-408F-A82C-69000ACF3A74}.X64|x64.Build.0 = X64|x64
		{AAB30123-57E4-408F-A82C-69000ACF3A74}.X64|x86.ActiveCfg = X64|x86
		{AAB30123-57E4-408F-A82C-69000ACF3A74}.X64|x86.Build.0 = X64|x86
		{AAB30123-57E4-408F-A82C-69000ACF3A74}.x86|Any CPU.ActiveCfg = X64|x86
		{AAB30123-57E4-408F-A82C-69000ACF3A74}.x86|x64.ActiveCfg = X64|x64
		{AAB30123-57E4-408F-A82C-69000ACF3A74}.x86|x64.Build.0 = X64|x64
		{AAB30123-57E4-408F-A82C-69000ACF3A74}.x86|x86.ActiveCfg = X64|x86
		{AAB30123-57E4-408F-A82C-69000ACF3A74}.x86|x86.Build.0 = X64|x86
		{B6EE65E5-0F6F-488E-A13A-3EAAA9214F30}.Debug|Any CPU.ActiveCfg = Debug|x86
		{B6EE65E5-0F6F-488E-A13A-3EAAA9214F30}.Debug|x64.ActiveCfg = Debug|x64
		{B6EE65E5-0F6F-488E-A13A-3EAAA9214F30}.Debug|x64.Build.0 = Debug|x64
		{B6EE65E5-0F6F-488E-A13A-3EAAA9214F30}.Debug|x86.ActiveCfg = Debug|x86
		{B6EE65E5-0F6F-488E-A13A-3EAAA9214F30}.Debug|x86.Build.0 = Debug|x86
		{B6EE65E5-0F6F-488E-A13A-3EAAA9214F30}.Release|Any CPU.ActiveCfg = Release|x86
		{B6EE65E5-0F6F-488E-A13A-3EAAA9214F30}.Release|x64.ActiveCfg = Release|x64
		{B6EE65E5-0F6F-488E-A13A-3EAAA9214F30}.Release|x64.Build.0 = Release|x64
		{B6EE65E5-0F6F-488E-A13A-3EAAA9214F30}.Release|x86.ActiveCfg = Release|x86
		{B6EE65E5-0F6F-488E-A13A-3EAAA9214F30}.Release|x86.Build.0 = Release|x86
		{B6EE65E5-0F6F-488E-A13A-3EAAA9214F30}.X64|Any CPU.ActiveCfg = X64|x86
		{B6EE65E5-0F6F-488E-A13A-3EAAA9214F30}.X64|x64.ActiveCfg = X64|x64
		{B6EE65E5-0F6F-488E-A13A-3EAAA9214F30}.X64|x64.Build.0 = X64|x64
		{B6EE65E5-0F6F-488E-A13A-3EAAA9214F30}.X64|x86.ActiveCfg = X64|x86
		{B6EE65E5-0F6F-488E-A13A-3EAAA9214F30}.X64|x86.Build.0 = X64|x86
		{B6EE65E5-0F6F-488E-A13A-3EAAA9214F30}.x86|Any CPU.ActiveCfg = X64|x86
		{B6EE65E5-0F6F-488E-A13A-3EAAA9214F30}.x86|x64.ActiveCfg = X64|x64
		{B6EE65E5-0F6F-488E-A13A-3EAAA9214F30}.x86|x64.Build.0 = X64|x64
		{B6EE65E5-0F6F-488E-A13A-3EAAA9214F30}.x86|x86.ActiveCfg = X64|x86
		{B6EE65E5-0F6F-488E-A13A-3EAAA9214F30}.x86|x86.Build.0 = X64|x86
	EndGlobalSection
	GlobalSection(MonoDevelopProperties) = preSolution
		Policies = $0
		$0.VersionControlPolicy = $1
		$1.inheritsSet = Mono
	EndGlobalSection
	GlobalSection(SolutionProperties) = preSolution
		HideSolutionNode = FALSE
	EndGlobalSection
EndGlobal
